
Microsoft Visual Studio Solution File, Format Version 12.00
# Visual Studio Version 17
VisualStudioVersion = 17.5.33516.290
MinimumVisualStudioVersion = 10.0.40219.1
Project("{FAE04EC0-301F-11D3-BF4B-00C04F79EFBC}") = "DataValidator", "DataValidator\DataValidator.csproj", "{9649DC33-7EFB-4CB7-BE34-1FEE1366B94B}"
EndProject
Project("{FAE04EC0-301F-11D3-BF4B-00C04F79EFBC}") = "DataValidatorTests", "DataValidatorTests\DataValidatorTests.csproj", "{D87A5EAF-4E06-42F7-AC3D-85E49D88819F}"
EndProject
Global
	GlobalSection(SolutionConfigurationPlatforms) = preSolution
		Debug|Any CPU = Debug|Any CPU
		Release|Any CPU = Release|Any CPU
	EndGlobalSection
	GlobalSection(ProjectConfigurationPlatforms) = postSolution
		{9649DC33-7EFB-4CB7-BE34-1FEE1366B94B}.Debug|Any CPU.ActiveCfg = Debug|Any CPU
		{9649DC33-7EFB-4CB7-BE34-1FEE1366B94B}.Debug|Any CPU.Build.0 = Debug|Any CPU
		{9649DC33-7EFB-4CB7-BE34-1FEE1366B94B}.Release|Any CPU.ActiveCfg = Release|Any CPU
		{9649DC33-7EFB-4CB7-BE34-1FEE1366B94B}.Release|Any CPU.Build.0 = Release|Any CPU
		{D87A5EAF-4E06-42F7-AC3D-85E49D88819F}.Debug|Any CPU.ActiveCfg = Debug|Any CPU
		{D87A5EAF-4E06-42F7-AC3D-85E49D88819F}.Debug|Any CPU.Build.0 = Debug|Any CPU
		{D87A5EAF-4E06-42F7-AC3D-85E49D88819F}.Release|Any CPU.ActiveCfg = Release|Any CPU
		{D87A5EAF-4E06-42F7-AC3D-85E49D88819F}.Release|Any CPU.Build.0 = Release|Any CPU
	EndGlobalSection
	GlobalSection(SolutionProperties) = preSolution
		HideSolutionNode = FALSE
	EndGlobalSection
	GlobalSection(ExtensibilityGlobals) = postSolution
		SolutionGuid = {BC0C80DD-08B3-4D2A-9A12-5647404CC611}
	EndGlobalSection
EndGlobal
